// !$*UTF8*$!
{
	archiveVersion = 1;
	classes = {
	};
	objectVersion = 46;
	objects = {

/* Begin PBXBuildFile section */
		A60561AD1D78A63600CAE5E1 /* AppDelegate.swift in Sources */ = {isa = PBXBuildFile; fileRef = A60561AC1D78A63600CAE5E1 /* AppDelegate.swift */; };
		A60561AF1D78A63600CAE5E1 /* ViewController.swift in Sources */ = {isa = PBXBuildFile; fileRef = A60561AE1D78A63600CAE5E1 /* ViewController.swift */; };
		A60561B21D78A63600CAE5E1 /* Main.storyboard in Resources */ = {isa = PBXBuildFile; fileRef = A60561B01D78A63600CAE5E1 /* Main.storyboard */; };
		A60561B41D78A63600CAE5E1 /* Assets.xcassets in Resources */ = {isa = PBXBuildFile; fileRef = A60561B31D78A63600CAE5E1 /* Assets.xcassets */; };
		A60561B71D78A63600CAE5E1 /* LaunchScreen.storyboard in Resources */ = {isa = PBXBuildFile; fileRef = A60561B51D78A63600CAE5E1 /* LaunchScreen.storyboard */; };
/* End PBXBuildFile section */

/* Begin PBXFileReference section */
		A60561A91D78A63600CAE5E1 /* SwiftPoC.app */ = {isa = PBXFileReference; explicitFileType = wrapper.application; includeInIndex = 0; path = SwiftPoC.app; sourceTree = BUILT_PRODUCTS_DIR; };
		A60561AC1D78A63600CAE5E1 /* AppDelegate.swift */ = {isa = PBXFileReference; lastKnownFileType = sourcecode.swift; path = AppDelegate.swift; sourceTree = "<group>"; };
		A60561AE1D78A63600CAE5E1 /* ViewController.swift */ = {isa = PBXFileReference; lastKnownFileType = sourcecode.swift; path = ViewController.swift; sourceTree = "<group>"; };
		A60561B11D78A63600CAE5E1 /* Base */ = {isa = PBXFileReference; lastKnownFileType = file.storyboard; name = Base; path = Base.lproj/Main.storyboard; sourceTree = "<group>"; };
		A60561B31D78A63600CAE5E1 /* Assets.xcassets */ = {isa = PBXFileReference; lastKnownFileType = folder.assetcatalog; path = Assets.xcassets; sourceTree = "<group>"; };
		A60561B61D78A63600CAE5E1 /* Base */ = {isa = PBXFileReference; lastKnownFileType = file.storyboard; name = Base; path = Base.lproj/LaunchScreen.storyboard; sourceTree = "<group>"; };
		A60561B81D78A63600CAE5E1 /* Info.plist */ = {isa = PBXFileReference; lastKnownFileType = text.plist.xml; path = Info.plist; sourceTree = "<group>"; };
/* End PBXFileReference section */

/* Begin PBXFrameworksBuildPhase section */
		A60561A61D78A63600CAE5E1 /* Frameworks */ = {
			isa = PBXFrameworksBuildPhase;
			buildActionMask = 2147483647;
			files = (
			);
			runOnlyForDeploymentPostprocessing = 0;
		};
/* End PBXFrameworksBuildPhase section */

/* Begin PBXGroup section */
		A60561A01D78A63600CAE5E1 = {
			isa = PBXGroup;
			children = (
				A60561AB1D78A63600CAE5E1 /* SwiftPoC */,
				A60561AA1D78A63600CAE5E1 /* Products */,
			);
			sourceTree = "<group>";
		};
		A60561AA1D78A63600CAE5E1 /* Products */ = {
			isa = PBXGroup;
			children = (
				A60561A91D78A63600CAE5E1 /* SwiftPoC.app */,
			);
			name = Products;
			sourceTree = "<group>";
		};
		A60561AB1D78A63600CAE5E1 /* SwiftPoC */ = {
			isa = PBXGroup;
			children = (
				A60561AC1D78A63600CAE5E1 /* AppDelegate.swift */,
				A60561AE1D78A63600CAE5E1 /* ViewController.swift */,
				A60561B01D78A63600CAE5E1 /* Main.storyboard */,
				A60561B31D78A63600CAE5E1 /* Assets.xcassets */,
				A60561B51D78A63600CAE5E1 /* LaunchScreen.storyboard */,
				A60561B81D78A63600CAE5E1 /* Info.plist */,
			);
			path = SwiftPoC;
			sourceTree = "<group>";
		};
/* End PBXGroup section */

/* Begin PBXNativeTarget section */
		A60561A81D78A63600CAE5E1 /* SwiftPoC */ = {
			isa = PBXNativeTarget;
			buildConfigurationList = A60561BB1D78A63600CAE5E1 /* Build configuration list for PBXNativeTarget "SwiftPoC" */;
			buildPhases = (
				A60561A51D78A63600CAE5E1 /* Sources */,
				A60561A61D78A63600CAE5E1 /* Frameworks */,
				A60561A71D78A63600CAE5E1 /* Resources */,
			);
			buildRules = (
			);
			dependencies = (
			);
			name = SwiftPoC;
			productName = SwiftPoC;
			productReference = A60561A91D78A63600CAE5E1 /* SwiftPoC.app */;
			productType = "com.apple.product-type.application";
		};
/* End PBXNativeTarget section */

/* Begin PBXProject section */
		A60561A11D78A63600CAE5E1 /* Project object */ = {
			isa = PBXProject;
			attributes = {
				LastSwiftUpdateCheck = 0800;
				LastUpgradeCheck = 0800;
				ORGANIZATIONNAME = "Sharma, Piyush";
				TargetAttributes = {
					A60561A81D78A63600CAE5E1 = {
						CreatedOnToolsVersion = 8.0;
						ProvisioningStyle = Automatic;
					};
				};
			};
			buildConfigurationList = A60561A41D78A63600CAE5E1 /* Build configuration list for PBXProject "SwiftPoC" */;
			compatibilityVersion = "Xcode 3.2";
			developmentRegion = English;
			hasScannedForEncodings = 0;
			knownRegions = (
				en,
				Base,
			);
			mainGroup = A60561A01D78A63600CAE5E1;
			productRefGroup = A60561AA1D78A63600CAE5E1 /* Products */;
			projectDirPath = "";
			projectRoot = "";
			targets = (
				A60561A81D78A63600CAE5E1 /* SwiftPoC */,
			);
		};
/* End PBXProject section */

/* Begin PBXResourcesBuildPhase section */
		A60561A71D78A63600CAE5E1 /* Resources */ = {
			isa = PBXResourcesBuildPhase;
			buildActionMask = 2147483647;
			files = (
				A60561B71D78A63600CAE5E1 /* LaunchScreen.storyboard in Resources */,
				A60561B41D78A63600CAE5E1 /* Assets.xcassets in Resources */,
				A60561B21D78A63600CAE5E1 /* Main.storyboard in Resources */,
			);
			runOnlyForDeploymentPostprocessing = 0;
		};
/* End PBXResourcesBuildPhase section */

/* Begin PBXSourcesBuildPhase section */
		A60561A51D78A63600CAE5E1 /* Sources */ = {
			isa = PBXSourcesBuildPhase;
			buildActionMask = 2147483647;
			files = (
				A60561AF1D78A63600CAE5E1 /* ViewController.swift in Sources */,
				A60561AD1D78A63600CAE5E1 /* AppDelegate.swift in Sources */,
			);
			runOnlyForDeploymentPostprocessing = 0;
		};
/* End PBXSourcesBuildPhase section */

/* Begin PBXVariantGroup section */
		A60561B01D78A63600CAE5E1 /* Main.storyboard */ = {
			isa = PBXVariantGroup;
			children = (
				A60561B11D78A63600CAE5E1 /* Base */,
			);
			name = Main.storyboard;
			sourceTree = "<group>";
		};
		A60561B51D78A63600CAE5E1 /* LaunchScreen.storyboard */ = {
			isa = PBXVariantGroup;
			children = (
				A60561B61D78A63600CAE5E1 /* Base */,
			);
			name = LaunchScreen.storyboard;
			sourceTree = "<group>";
		};
/* End PBXVariantGroup section */

/* Begin XCBuildConfiguration section */
		A60561B91D78A63600CAE5E1 /* Debug */ = {
			isa = XCBuildConfiguration;
			buildSettings = {
				ALWAYS_SEARCH_USER_PATHS = NO;
				CLANG_ANALYZER_NONNULL = YES;
				CLANG_CXX_LANGUAGE_STANDARD = "gnu++0x";
				CLANG_CXX_LIBRARY = "libc++";
				CLANG_ENABLE_MODULES = YES;
				CLANG_ENABLE_OBJC_ARC = YES;
				CLANG_WARN_BOOL_CONVERSION = YES;
				CLANG_WARN_CONSTANT_CONVERSION = YES;
				CLANG_WARN_DIRECT_OBJC_ISA_USAGE = YES_ERROR;
				CLANG_WARN_DOCUMENTATION_COMMENTS = YES;
				CLANG_WARN_EMPTY_BODY = YES;
				CLANG_WARN_ENUM_CONVERSION = YES;
				CLANG_WARN_INFINITE_RECURSION = YES;
				CLANG_WARN_INT_CONVERSION = YES;
				CLANG_WARN_OBJC_ROOT_CLASS = YES_ERROR;
				CLANG_WARN_SUSPICIOUS_MOVES = YES;
				CLANG_WARN_UNREACHABLE_CODE = YES;
				CLANG_WARN__DUPLICATE_METHOD_MATCH = YES;
				"CODE_SIGN_IDENTITY[sdk=iphoneos*]" = "iPhone Developer";
				COPY_PHASE_STRIP = NO;
				DEBUG_INFORMATION_FORMAT = dwarf;
				ENABLE_STRICT_OBJC_MSGSEND = YES;
				ENABLE_TESTABILITY = YES;
				GCC_C_LANGUAGE_STANDARD = gnu99;
				GCC_DYNAMIC_NO_PIC = NO;
				GCC_NO_COMMON_BLOCKS = YES;
				GCC_OPTIMIZATION_LEVEL = 0;
				GCC_PREPROCESSOR_DEFINITIONS = (
					"DEBUG=1",
					"$(inherited)",
				);
				GCC_WARN_64_TO_32_BIT_CONVERSION = YES;
				GCC_WARN_ABOUT_RETURN_TYPE = YES_ERROR;
				GCC_WARN_UNDECLARED_SELECTOR = YES;
				GCC_WARN_UNINITIALIZED_AUTOS = YES_AGGRESSIVE;
				GCC_WARN_UNUSED_FUNCTION = YES;
				GCC_WARN_UNUSED_VARIABLE = YES;
				IPHONEOS_DEPLOYMENT_TARGET = 10.0;
				MTL_ENABLE_DEBUG_INFO = YES;
				ONLY_ACTIVE_ARCH = YES;
				SDKROOT = iphoneos;
				SWIFT_ACTIVE_COMPILATION_CONDITIONS = DEBUG;
				SWIFT_OPTIMIZATION_LEVEL = "-Onone";
				TARGETED_DEVICE_FAMILY = "1,2";
			};
			name = Debug;
		};
		A60561BA1D78A63600CAE5E1 /* Release */ = {
			isa = XCBuildConfiguration;
			buildSettings = {
				ALWAYS_SEARCH_USER_PATHS = NO;
				CLANG_ANALYZER_NONNULL = YES;
				CLANG_CXX_LANGUAGE_STANDARD = "gnu++0x";
				CLANG_CXX_LIBRARY = "libc++";
				CLANG_ENABLE_MODULES = YES;
				CLANG_ENABLE_OBJC_ARC = YES;
				CLANG_WARN_BOOL_CONVERSION = YES;
				CLANG_WARN_CONSTANT_CONVERSION = YES;
				CLANG_WARN_DIRECT_OBJC_ISA_USAGE = YES_ERROR;
				CLANG_WARN_DOCUMENTATION_COMMENTS = YES;
				CLANG_WARN_EMPTY_BODY = YES;
				CLANG_WARN_ENUM_CONVERSION = YES;
				CLANG_WARN_INFINITE_RECURSION = YES;
				CLANG_WARN_INT_CONVERSION = YES;
				CLANG_WARN_OBJC_ROOT_CLASS = YES_ERROR;
				CLANG_WARN_SUSPICIOUS_MOVES = YES;
				CLANG_WARN_UNREACHABLE_CODE = YES;
				CLANG_WARN__DUPLICATE_METHOD_MATCH = YES;
				"CODE_SIGN_IDENTITY[sdk=iphoneos*]" = "iPhone Developer";
				COPY_PHASE_STRIP = NO;
				DEBUG_INFORMATION_FORMAT = "dwarf-with-dsym";
				ENABLE_NS_ASSERTIONS = NO;
				ENABLE_STRICT_OBJC_MSGSEND = YES;
				GCC_C_LANGUAGE_STANDARD = gnu99;
				GCC_NO_COMMON_BLOCKS = YES;
				GCC_WARN_64_TO_32_BIT_CONVERSION = YES;
				GCC_WARN_ABOUT_RETURN_TYPE = YES_ERROR;
				GCC_WARN_UNDECLARED_SELECTOR = YES;
				GCC_WARN_UNINITIALIZED_AUTOS = YES_AGGRESSIVE;
				GCC_WARN_UNUSED_FUNCTION = YES;
				GCC_WARN_UNUSED_VARIABLE = YES;
				IPHONEOS_DEPLOYMENT_TARGET = 10.0;
				MTL_ENABLE_DEBUG_INFO = NO;
				SDKROOT = iphoneos;
				SWIFT_OPTIMIZATION_LEVEL = "-Owholemodule";
				TARGETED_DEVICE_FAMILY = "1,2";
				VALIDATE_PRODUCT = YES;
			};
			name = Release;
		};
		A60561BC1D78A63600CAE5E1 /* Debug */ = {
			isa = XCBuildConfiguration;
			buildSettings = {
				ASSETCATALOG_COMPILER_APPICON_NAME = AppIcon;
				INFOPLIST_FILE = SwiftPoC/Info.plist;
				LD_RUNPATH_SEARCH_PATHS = "$(inherited) @executable_path/Frameworks";
				PRODUCT_BUNDLE_IDENTIFIER = com.piyush.SwiftPoC;
				PRODUCT_NAME = "$(TARGET_NAME)";
				SWIFT_VERSION = 3.0;
			};
			name = Debug;
		};
		A60561BD1D78A63600CAE5E1 /* Release */ = {
			isa = XCBuildConfiguration;
			buildSettings = {
				ASSETCATALOG_COMPILER_APPICON_NAME = AppIcon;
				INFOPLIST_FILE = SwiftPoC/Info.plist;
				LD_RUNPATH_SEARCH_PATHS = "$(inherited) @executable_path/Frameworks";
				PRODUCT_BUNDLE_IDENTIFIER = com.piyush.SwiftPoC;
				PRODUCT_NAME = "$(TARGET_NAME)";
				SWIFT_VERSION = 3.0;
			};
			name = Release;
		};
/* End XCBuildConfiguration section */

/* Begin XCConfigurationList section */
		A60561A41D78A63600CAE5E1 /* Build configuration list for PBXProject "SwiftPoC" */ = {
			isa = XCConfigurationList;
			buildConfigurations = (
				A60561B91D78A63600CAE5E1 /* Debug */,
				A60561BA1D78A63600CAE5E1 /* Release */,
			);
			defaultConfigurationIsVisible = 0;
			defaultConfigurationName = Release;
		};
		A60561BB1D78A63600CAE5E1 /* Build configuration list for PBXNativeTarget "SwiftPoC" */ = {
			isa = XCConfigurationList;
			buildConfigurations = (
				A60561BC1D78A63600CAE5E1 /* Debug */,
				A60561BD1D78A63600CAE5E1 /* Release */,
			);
			defaultConfigurationIsVisible = 0;
		};
/* End XCConfigurationList section */
	};
	rootObject = A60561A11D78A63600CAE5E1 /* Project object */;
}
